
Microsoft Visual Studio Solution File, Format Version 12.00
# Visual Studio Version 17
VisualStudioVersion = 17.9.34616.47
MinimumVisualStudioVersion = 10.0.40219.1
Project("{2150E333-8FDC-42A3-9474-1A3956D46DE8}") = "01 - Apresentacao", "01 - Apresentacao", "{CFD3F850-D3B6-4C8A-817C-D7FDBF68AC4D}"
EndProject
Project("{2150E333-8FDC-42A3-9474-1A3956D46DE8}") = "02 - Dominio", "02 - Dominio", "{F8B9242E-78C6-4237-AA1C-5100A0276BF6}"
EndProject
Project("{2150E333-8FDC-42A3-9474-1A3956D46DE8}") = "03 - Infraestrutura", "03 - Infraestrutura", "{73346350-30C0-4828-8EF9-4A2D5DF2A8C6}"
EndProject
Project("{2150E333-8FDC-42A3-9474-1A3956D46DE8}") = "04 - CrossCutting", "04 - CrossCutting", "{1631223A-2E69-4D27-82C2-58651840B7EC}"
EndProject
Project("{9A19103F-16F7-4668-BE54-9A1E7A4F7556}") = "Cepedi.Banco.Analise.IoC", "src\Cepedi.Banco.Analise.IoC\Cepedi.Banco.Analise.IoC.csproj", "{BF19B809-AF26-4AB4-99FD-55B6660C3872}"
EndProject
Project("{2150E333-8FDC-42A3-9474-1A3956D46DE8}") = "06 - Tests", "06 - Tests", "{2D4A6734-55E9-46FD-BC86-1A6B9652198C}"
EndProject
Project("{9A19103F-16F7-4668-BE54-9A1E7A4F7556}") = "Cepedi.Banco.Analise.Api.Tests", "tests\Cepedi.Banco.Analise.Api.Tests\Cepedi.Banco.Analise.Api.Tests.csproj", "{3B6EEBEF-C0AF-4872-BDAC-39163EFE21FA}"
EndProject
Project("{2150E333-8FDC-42A3-9474-1A3956D46DE8}") = "07 - Itens", "07 - Itens", "{083535C5-41AC-4FF7-83DA-B0034E46A0F9}"
	ProjectSection(SolutionItems) = preProject
		.editorconfig = .editorconfig
		.gitignore = .gitignore
		README.md = README.md
	EndProjectSection
EndProject
Project("{9A19103F-16F7-4668-BE54-9A1E7A4F7556}") = "Cepedi.Banco.Analise.Api", "src\Cepedi.Banco.Analise.Api\Cepedi.Banco.Analise.Api.csproj", "{DD85E934-FF9F-49B4-989C-0C1221CBAB9C}"
EndProject
Project("{9A19103F-16F7-4668-BE54-9A1E7A4F7556}") = "Cepedi.Banco.Analise.Dominio", "src\Cepedi.Banco.Analise.Dominio\Cepedi.Banco.Analise.Dominio.csproj", "{73530374-58BD-4C07-AF05-341E9D9F611C}"
EndProject
Project("{9A19103F-16F7-4668-BE54-9A1E7A4F7556}") = "Cepedi.Banco.Analise.Compartilhado", "src\Cepedi.Banco.Analise.Compartilhado\Cepedi.Banco.Analise.Compartilhado.csproj", "{578ABB29-D0C1-4615-9393-647A59CA904D}"
EndProject
Project("{9A19103F-16F7-4668-BE54-9A1E7A4F7556}") = "Cepedi.Banco.Analise.Dados", "src\Cepedi.Banco.Analise.Dados\Cepedi.Banco.Analise.Dados.csproj", "{CFA3BA27-C5F6-478E-BFF9-08E6085B21EF}"
EndProject
Project("{9A19103F-16F7-4668-BE54-9A1E7A4F7556}") = "Cepedi.Banco.Analise.Performance.Test", "tests\Cepedi.Banco.Analise.Performance.Test\Cepedi.Banco.Analise.Performance.Test.csproj", "{770C5CDB-7F75-41A3-887F-E2B2316A2378}"
EndProject
Project("{9A19103F-16F7-4668-BE54-9A1E7A4F7556}") = "Cepedi.Banco.Analise.Dominio.Tests", "tests\Cepedi.Banco.Analise.Dominio.Tests\Cepedi.Banco.Analise.Dominio.Tests.csproj", "{01151704-B034-439F-AEC9-168F4473FB74}"
EndProject
Project("{9A19103F-16F7-4668-BE54-9A1E7A4F7556}") = "Cepedi.Banco.Analise.Dados.Tests", "tests\Cepedi.Banco.Analise.Dados.Tests\Cepedi.Banco.Analise.Dados.Tests.csproj", "{5687A7A4-6CC3-4B77-95F7-73F03005E298}"
EndProject
Project("{2150E333-8FDC-42A3-9474-1A3956D46DE8}") = "08 - External API", "08 - External API", "{9312D326-3788-4AF5-9440-06B94F6EA398}"
EndProject
Project("{FAE04EC0-301F-11D3-BF4B-00C04F79EFBC}") = "RequisicaoExterna", "08 - External API\RequisicaoExterna\RequisicaoExterna.csproj", "{29770A59-C998-49F8-846A-EFBC882FE2B0}"
EndProject
Global
	GlobalSection(SolutionConfigurationPlatforms) = preSolution
		Debug|Any CPU = Debug|Any CPU
		Release|Any CPU = Release|Any CPU
	EndGlobalSection
	GlobalSection(ProjectConfigurationPlatforms) = postSolution
		{BF19B809-AF26-4AB4-99FD-55B6660C3872}.Debug|Any CPU.ActiveCfg = Debug|Any CPU
		{BF19B809-AF26-4AB4-99FD-55B6660C3872}.Debug|Any CPU.Build.0 = Debug|Any CPU
		{BF19B809-AF26-4AB4-99FD-55B6660C3872}.Release|Any CPU.ActiveCfg = Release|Any CPU
		{BF19B809-AF26-4AB4-99FD-55B6660C3872}.Release|Any CPU.Build.0 = Release|Any CPU
		{3B6EEBEF-C0AF-4872-BDAC-39163EFE21FA}.Debug|Any CPU.ActiveCfg = Debug|Any CPU
		{3B6EEBEF-C0AF-4872-BDAC-39163EFE21FA}.Debug|Any CPU.Build.0 = Debug|Any CPU
		{3B6EEBEF-C0AF-4872-BDAC-39163EFE21FA}.Release|Any CPU.ActiveCfg = Release|Any CPU
		{3B6EEBEF-C0AF-4872-BDAC-39163EFE21FA}.Release|Any CPU.Build.0 = Release|Any CPU
		{DD85E934-FF9F-49B4-989C-0C1221CBAB9C}.Debug|Any CPU.ActiveCfg = Debug|Any CPU
		{DD85E934-FF9F-49B4-989C-0C1221CBAB9C}.Debug|Any CPU.Build.0 = Debug|Any CPU
		{DD85E934-FF9F-49B4-989C-0C1221CBAB9C}.Release|Any CPU.ActiveCfg = Release|Any CPU
		{DD85E934-FF9F-49B4-989C-0C1221CBAB9C}.Release|Any CPU.Build.0 = Release|Any CPU
		{73530374-58BD-4C07-AF05-341E9D9F611C}.Debug|Any CPU.ActiveCfg = Debug|Any CPU
		{73530374-58BD-4C07-AF05-341E9D9F611C}.Debug|Any CPU.Build.0 = Debug|Any CPU
		{73530374-58BD-4C07-AF05-341E9D9F611C}.Release|Any CPU.ActiveCfg = Release|Any CPU
		{73530374-58BD-4C07-AF05-341E9D9F611C}.Release|Any CPU.Build.0 = Release|Any CPU
		{578ABB29-D0C1-4615-9393-647A59CA904D}.Debug|Any CPU.ActiveCfg = Debug|Any CPU
		{578ABB29-D0C1-4615-9393-647A59CA904D}.Debug|Any CPU.Build.0 = Debug|Any CPU
		{578ABB29-D0C1-4615-9393-647A59CA904D}.Release|Any CPU.ActiveCfg = Release|Any CPU
		{578ABB29-D0C1-4615-9393-647A59CA904D}.Release|Any CPU.Build.0 = Release|Any CPU
		{CFA3BA27-C5F6-478E-BFF9-08E6085B21EF}.Debug|Any CPU.ActiveCfg = Debug|Any CPU
		{CFA3BA27-C5F6-478E-BFF9-08E6085B21EF}.Debug|Any CPU.Build.0 = Debug|Any CPU
		{CFA3BA27-C5F6-478E-BFF9-08E6085B21EF}.Release|Any CPU.ActiveCfg = Release|Any CPU
		{CFA3BA27-C5F6-478E-BFF9-08E6085B21EF}.Release|Any CPU.Build.0 = Release|Any CPU
		{770C5CDB-7F75-41A3-887F-E2B2316A2378}.Debug|Any CPU.ActiveCfg = Debug|Any CPU
		{770C5CDB-7F75-41A3-887F-E2B2316A2378}.Debug|Any CPU.Build.0 = Debug|Any CPU
		{770C5CDB-7F75-41A3-887F-E2B2316A2378}.Release|Any CPU.ActiveCfg = Release|Any CPU
		{770C5CDB-7F75-41A3-887F-E2B2316A2378}.Release|Any CPU.Build.0 = Release|Any CPU
		{01151704-B034-439F-AEC9-168F4473FB74}.Debug|Any CPU.ActiveCfg = Debug|Any CPU
		{01151704-B034-439F-AEC9-168F4473FB74}.Debug|Any CPU.Build.0 = Debug|Any CPU
		{01151704-B034-439F-AEC9-168F4473FB74}.Release|Any CPU.ActiveCfg = Release|Any CPU
		{01151704-B034-439F-AEC9-168F4473FB74}.Release|Any CPU.Build.0 = Release|Any CPU
		{5687A7A4-6CC3-4B77-95F7-73F03005E298}.Debug|Any CPU.ActiveCfg = Debug|Any CPU
		{5687A7A4-6CC3-4B77-95F7-73F03005E298}.Debug|Any CPU.Build.0 = Debug|Any CPU
		{5687A7A4-6CC3-4B77-95F7-73F03005E298}.Release|Any CPU.ActiveCfg = Release|Any CPU
		{5687A7A4-6CC3-4B77-95F7-73F03005E298}.Release|Any CPU.Build.0 = Release|Any CPU
		{29770A59-C998-49F8-846A-EFBC882FE2B0}.Debug|Any CPU.ActiveCfg = Debug|Any CPU
		{29770A59-C998-49F8-846A-EFBC882FE2B0}.Debug|Any CPU.Build.0 = Debug|Any CPU
		{29770A59-C998-49F8-846A-EFBC882FE2B0}.Release|Any CPU.ActiveCfg = Release|Any CPU
		{29770A59-C998-49F8-846A-EFBC882FE2B0}.Release|Any CPU.Build.0 = Release|Any CPU
	EndGlobalSection
	GlobalSection(SolutionProperties) = preSolution
		HideSolutionNode = FALSE
	EndGlobalSection
	GlobalSection(NestedProjects) = preSolution
		{BF19B809-AF26-4AB4-99FD-55B6660C3872} = {1631223A-2E69-4D27-82C2-58651840B7EC}
		{3B6EEBEF-C0AF-4872-BDAC-39163EFE21FA} = {2D4A6734-55E9-46FD-BC86-1A6B9652198C}
		{DD85E934-FF9F-49B4-989C-0C1221CBAB9C} = {CFD3F850-D3B6-4C8A-817C-D7FDBF68AC4D}
		{73530374-58BD-4C07-AF05-341E9D9F611C} = {F8B9242E-78C6-4237-AA1C-5100A0276BF6}
		{578ABB29-D0C1-4615-9393-647A59CA904D} = {1631223A-2E69-4D27-82C2-58651840B7EC}
		{CFA3BA27-C5F6-478E-BFF9-08E6085B21EF} = {73346350-30C0-4828-8EF9-4A2D5DF2A8C6}
		{770C5CDB-7F75-41A3-887F-E2B2316A2378} = {2D4A6734-55E9-46FD-BC86-1A6B9652198C}
		{01151704-B034-439F-AEC9-168F4473FB74} = {2D4A6734-55E9-46FD-BC86-1A6B9652198C}
		{5687A7A4-6CC3-4B77-95F7-73F03005E298} = {2D4A6734-55E9-46FD-BC86-1A6B9652198C}
		{29770A59-C998-49F8-846A-EFBC882FE2B0} = {9312D326-3788-4AF5-9440-06B94F6EA398}
	EndGlobalSection
	GlobalSection(ExtensibilityGlobals) = postSolution
		SolutionGuid = {18F2618F-D5A0-4779-AB65-8871DF992684}
	EndGlobalSection
EndGlobal
